
Microsoft Visual Studio Solution File, Format Version 12.00
# Visual Studio 2012
Project("{FAE04EC0-301F-11D3-BF4B-00C04F79EFBC}") = "SandcastleSample.Services", "SandcastleSample.Services\SandcastleSample.Services.csproj", "{2B7DC8C0-E8AD-4121-B5AD-A4408CA5DAFB}"
EndProject
Global
	GlobalSection(SolutionConfigurationPlatforms) = preSolution
		Debug|Any CPU = Debug|Any CPU
		Release|Any CPU = Release|Any CPU
	EndGlobalSection
	GlobalSection(ProjectConfigurationPlatforms) = postSolution
		{2B7DC8C0-E8AD-4121-B5AD-A4408CA5DAFB}.Debug|Any CPU.ActiveCfg = Debug|Any CPU
		{2B7DC8C0-E8AD-4121-B5AD-A4408CA5DAFB}.Debug|Any CPU.Build.0 = Debug|Any CPU
		{2B7DC8C0-E8AD-4121-B5AD-A4408CA5DAFB}.Release|Any CPU.ActiveCfg = Release|Any CPU
		{2B7DC8C0-E8AD-4121-B5AD-A4408CA5DAFB}.Release|Any CPU.Build.0 = Release|Any CPU
	EndGlobalSection
	GlobalSection(SolutionProperties) = preSolution
		HideSolutionNode = FALSE
	EndGlobalSection
EndGlobal
